
Microsoft Visual Studio Solution File, Format Version 11.00
# Visual Studio 2010
Project("{FAE04EC0-301F-11D3-BF4B-00C04F79EFBC}") = "Client", "Client\Client.csproj", "{5F90509B-9B49-411E-8560-18F90B6DA3FC}"
EndProject
Project("{FAE04EC0-301F-11D3-BF4B-00C04F79EFBC}") = "Content", "Content\Content.contentproj", "{8BA87393-35F1-4109-BE4B-BA4CDE1D3AD1}"
EndProject
Global
	GlobalSection(SolutionConfigurationPlatforms) = preSolution
		Debug|x86 = Debug|x86
		Release|x86 = Release|x86
	EndGlobalSection
	GlobalSection(ProjectConfigurationPlatforms) = postSolution
		{5F90509B-9B49-411E-8560-18F90B6DA3FC}.Debug|x86.ActiveCfg = Debug|x86
		{5F90509B-9B49-411E-8560-18F90B6DA3FC}.Debug|x86.Build.0 = Debug|x86
		{5F90509B-9B49-411E-8560-18F90B6DA3FC}.Release|x86.ActiveCfg = Release|x86
		{5F90509B-9B49-411E-8560-18F90B6DA3FC}.Release|x86.Build.0 = Release|x86
		{8BA87393-35F1-4109-BE4B-BA4CDE1D3AD1}.Debug|x86.ActiveCfg = Debug|x86
		{8BA87393-35F1-4109-BE4B-BA4CDE1D3AD1}.Release|x86.ActiveCfg = Release|x86
	EndGlobalSection
	GlobalSection(SolutionProperties) = preSolution
		HideSolutionNode = FALSE
	EndGlobalSection
EndGlobal
